Microsoft Visual Studio Solution File, Format Version 10.00
# Visual Studio 2008
Project("{FAE04EC0-301F-11D3-BF4B-00C04F79EFBC}") = "UsrCtlBufferDrawing", "UsrCtlBufferDrawing\UsrCtlBufferDrawing.csproj", "{4023356D-6BC0-44F4-8129-81745398D14D}"
EndProject
Project("{FAE04EC0-301F-11D3-BF4B-00C04F79EFBC}") = "TestBufferDrawing", "TestBufferDrawing\TestBufferDrawing.csproj", "{32241631-F717-41E3-8D65-5B4910A415AF}"
EndProject
Global
	GlobalSection(SolutionConfigurationPlatforms) = preSolution
		Debug|Any CPU = Debug|Any CPU
		Release|Any CPU = Release|Any CPU
	EndGlobalSection
	GlobalSection(ProjectConfigurationPlatforms) = postSolution
		{4023356D-6BC0-44F4-8129-81745398D14D}.Debug|Any CPU.ActiveCfg = Debug|Any CPU
		{4023356D-6BC0-44F4-8129-81745398D14D}.Debug|Any CPU.Build.0 = Debug|Any CPU
		{4023356D-6BC0-44F4-8129-81745398D14D}.Release|Any CPU.ActiveCfg = Release|Any CPU
		{4023356D-6BC0-44F4-8129-81745398D14D}.Release|Any CPU.Build.0 = Release|Any CPU
		{32241631-F717-41E3-8D65-5B4910A415AF}.Debug|Any CPU.ActiveCfg = Debug|Any CPU
		{32241631-F717-41E3-8D65-5B4910A415AF}.Debug|Any CPU.Build.0 = Debug|Any CPU
		{32241631-F717-41E3-8D65-5B4910A415AF}.Release|Any CPU.ActiveCfg = Release|Any CPU
		{32241631-F717-41E3-8D65-5B4910A415AF}.Release|Any CPU.Build.0 = Release|Any CPU
	EndGlobalSection
	GlobalSection(SolutionProperties) = preSolution
		HideSolutionNode = FALSE
	EndGlobalSection
EndGlobal
