
Microsoft Visual Studio Solution File, Format Version 11.00
# Visual Studio 2010
Project("{FAE04EC0-301F-11D3-BF4B-00C04F79EFBC}") = "VerseFlow.Lib", "VerseFlow.Lib\VerseFlow.Lib.csproj", "{EB1736A5-B75A-435A-8A13-95569124059A}"
EndProject
Project("{FAE04EC0-301F-11D3-BF4B-00C04F79EFBC}") = "VerseFlow", "VerseFlow\VerseFlow.csproj", "{3D9DEB1C-4855-466D-BB22-4A3DC051A7F4}"
EndProject
Global
	GlobalSection(SolutionConfigurationPlatforms) = preSolution
		Debug|Any CPU = Debug|Any CPU
		Release|Any CPU = Release|Any CPU
	EndGlobalSection
	GlobalSection(ProjectConfigurationPlatforms) = postSolution
		{EB1736A5-B75A-435A-8A13-95569124059A}.Debug|Any CPU.ActiveCfg = Debug|Any CPU
		{EB1736A5-B75A-435A-8A13-95569124059A}.Debug|Any CPU.Build.0 = Debug|Any CPU
		{EB1736A5-B75A-435A-8A13-95569124059A}.Release|Any CPU.ActiveCfg = Release|Any CPU
		{EB1736A5-B75A-435A-8A13-95569124059A}.Release|Any CPU.Build.0 = Release|Any CPU
		{3D9DEB1C-4855-466D-BB22-4A3DC051A7F4}.Debug|Any CPU.ActiveCfg = Debug|Any CPU
		{3D9DEB1C-4855-466D-BB22-4A3DC051A7F4}.Debug|Any CPU.Build.0 = Debug|Any CPU
		{3D9DEB1C-4855-466D-BB22-4A3DC051A7F4}.Release|Any CPU.ActiveCfg = Release|Any CPU
		{3D9DEB1C-4855-466D-BB22-4A3DC051A7F4}.Release|Any CPU.Build.0 = Release|Any CPU
	EndGlobalSection
	GlobalSection(SolutionProperties) = preSolution
		HideSolutionNode = FALSE
	EndGlobalSection
EndGlobal
