
Microsoft Visual Studio Solution File, Format Version 12.00
# Visual Studio 2013
VisualStudioVersion = 12.0.40629.0
MinimumVisualStudioVersion = 10.0.40219.1
Project("{FAE04EC0-301F-11D3-BF4B-00C04F79EFBC}") = "VerseFlow", "VerseFlow\VerseFlow.csproj", "{3D9DEB1C-4855-466D-BB22-4A3DC051A7F4}"
EndProject
Project("{FAE04EC0-301F-11D3-BF4B-00C04F79EFBC}") = "VerseFlow.Test", "VerseFlow.Test\VerseFlow.Test.csproj", "{D5426443-B199-4390-B6E0-EF35865A2365}"
EndProject
Global
	GlobalSection(SolutionConfigurationPlatforms) = preSolution
		Debug|Any CPU = Debug|Any CPU
		Release|Any CPU = Release|Any CPU
	EndGlobalSection
	GlobalSection(ProjectConfigurationPlatforms) = postSolution
		{3D9DEB1C-4855-466D-BB22-4A3DC051A7F4}.Debug|Any CPU.ActiveCfg = Debug|Any CPU
		{3D9DEB1C-4855-466D-BB22-4A3DC051A7F4}.Debug|Any CPU.Build.0 = Debug|Any CPU
		{3D9DEB1C-4855-466D-BB22-4A3DC051A7F4}.Release|Any CPU.ActiveCfg = Release|Any CPU
		{3D9DEB1C-4855-466D-BB22-4A3DC051A7F4}.Release|Any CPU.Build.0 = Release|Any CPU
		{D5426443-B199-4390-B6E0-EF35865A2365}.Debug|Any CPU.ActiveCfg = Debug|Any CPU
		{D5426443-B199-4390-B6E0-EF35865A2365}.Debug|Any CPU.Build.0 = Debug|Any CPU
		{D5426443-B199-4390-B6E0-EF35865A2365}.Release|Any CPU.ActiveCfg = Release|Any CPU
		{D5426443-B199-4390-B6E0-EF35865A2365}.Release|Any CPU.Build.0 = Release|Any CPU
	EndGlobalSection
	GlobalSection(SolutionProperties) = preSolution
		HideSolutionNode = FALSE
	EndGlobalSection
EndGlobal
