
Microsoft Visual Studio Solution File, Format Version 11.00
# Visual Studio 2010
Project("{FAE04EC0-301F-11D3-BF4B-00C04F79EFBC}") = "VerseFlow.Lib", "VerseFlow.Lib\VerseFlow.Lib.csproj", "{EB1736A5-B75A-435A-8A13-95569124059A}"
EndProject
Project("{FAE04EC0-301F-11D3-BF4B-00C04F79EFBC}") = "VerseFlow", "VerseFlow\VerseFlow.csproj", "{3D9DEB1C-4855-466D-BB22-4A3DC051A7F4}"
EndProject
Global
	GlobalSection(SolutionConfigurationPlatforms) = preSolution
		Debug|x86 = Debug|x86
		Release|x86 = Release|x86
	EndGlobalSection
	GlobalSection(ProjectConfigurationPlatforms) = postSolution
		{EB1736A5-B75A-435A-8A13-95569124059A}.Debug|x86.ActiveCfg = Debug|x86
		{EB1736A5-B75A-435A-8A13-95569124059A}.Debug|x86.Build.0 = Debug|x86
		{EB1736A5-B75A-435A-8A13-95569124059A}.Release|x86.ActiveCfg = Release|x86
		{EB1736A5-B75A-435A-8A13-95569124059A}.Release|x86.Build.0 = Release|x86
		{3D9DEB1C-4855-466D-BB22-4A3DC051A7F4}.Debug|x86.ActiveCfg = Debug|x86
		{3D9DEB1C-4855-466D-BB22-4A3DC051A7F4}.Debug|x86.Build.0 = Debug|x86
		{3D9DEB1C-4855-466D-BB22-4A3DC051A7F4}.Release|x86.ActiveCfg = Release|x86
		{3D9DEB1C-4855-466D-BB22-4A3DC051A7F4}.Release|x86.Build.0 = Release|x86
	EndGlobalSection
	GlobalSection(SolutionProperties) = preSolution
		HideSolutionNode = FALSE
	EndGlobalSection
EndGlobal
